
Microsoft Visual Studio Solution File, Format Version 12.00
# Visual Studio Version 17
VisualStudioVersion = 17.8.34511.84
MinimumVisualStudioVersion = 10.0.40219.1
Project("{FAE04EC0-301F-11D3-BF4B-00C04F79EFBC}") = "CarDealership.Storage", "CarDealership.Storage\CarDealership.Storage.csproj", "{2A876D4C-45CA-447D-8857-DE0006058A5B}"
EndProject
Global
	GlobalSection(SolutionConfigurationPlatforms) = preSolution
		Debug|Any CPU = Debug|Any CPU
		Release|Any CPU = Release|Any CPU
	EndGlobalSection
	GlobalSection(ProjectConfigurationPlatforms) = postSolution
		{2A876D4C-45CA-447D-8857-DE0006058A5B}.Debug|Any CPU.ActiveCfg = Debug|Any CPU
		{2A876D4C-45CA-447D-8857-DE0006058A5B}.Debug|Any CPU.Build.0 = Debug|Any CPU
		{2A876D4C-45CA-447D-8857-DE0006058A5B}.Release|Any CPU.ActiveCfg = Release|Any CPU
		{2A876D4C-45CA-447D-8857-DE0006058A5B}.Release|Any CPU.Build.0 = Release|Any CPU
	EndGlobalSection
	GlobalSection(SolutionProperties) = preSolution
		HideSolutionNode = FALSE
	EndGlobalSection
	GlobalSection(ExtensibilityGlobals) = postSolution
		SolutionGuid = {D5940F03-AAC8-44F6-A3D2-7872826914D6}
	EndGlobalSection
EndGlobal
